
Microsoft Visual Studio Solution File, Format Version 12.00
# Visual Studio Version 16
VisualStudioVersion = 16.0.31025.194
MinimumVisualStudioVersion = 10.0.40219.1
Project("{FAE04EC0-301F-11D3-BF4B-00C04F79EFBC}") = "Bajadaftp", "Bajadaftp\Bajadaftp.csproj", "{80D7D8AD-586E-45D6-B984-493C445E0456}"
EndProject
Global
	GlobalSection(SolutionConfigurationPlatforms) = preSolution
		Debug|Any CPU = Debug|Any CPU
		Release|Any CPU = Release|Any CPU
	EndGlobalSection
	GlobalSection(ProjectConfigurationPlatforms) = postSolution
		{80D7D8AD-586E-45D6-B984-493C445E0456}.Debug|Any CPU.ActiveCfg = Debug|Any CPU
		{80D7D8AD-586E-45D6-B984-493C445E0456}.Debug|Any CPU.Build.0 = Debug|Any CPU
		{80D7D8AD-586E-45D6-B984-493C445E0456}.Release|Any CPU.ActiveCfg = Release|Any CPU
		{80D7D8AD-586E-45D6-B984-493C445E0456}.Release|Any CPU.Build.0 = Release|Any CPU
	EndGlobalSection
	GlobalSection(SolutionProperties) = preSolution
		HideSolutionNode = FALSE
	EndGlobalSection
	GlobalSection(ExtensibilityGlobals) = postSolution
		SolutionGuid = {B8B9D239-90BD-4FCC-BC42-07027B9F9AC8}
	EndGlobalSection
EndGlobal
